// !$*UTF8*$!
{
	archiveVersion = 1;
	classes = {
	};
	objectVersion = 46;
	objects = {

/* Begin PBXBuildFile section */
		118591E51F0F237400F427F3 /* Cartfile in Resources */ = {isa = PBXBuildFile; fileRef = 118591E41F0F237400F427F3 /* Cartfile */; };
		118591ED1F0F2B9800F427F3 /* Macros.swift in Sources */ = {isa = PBXBuildFile; fileRef = 118591EC1F0F2B9800F427F3 /* Macros.swift */; };
		118591EF1F0F2F7A00F427F3 /* Environment.swift in Sources */ = {isa = PBXBuildFile; fileRef = 118591EE1F0F2F7A00F427F3 /* Environment.swift */; };
		118591F11F0F30B100F427F3 /* environment.plist in Resources */ = {isa = PBXBuildFile; fileRef = 118591F01F0F30B100F427F3 /* environment.plist */; };
		118591F61F0F415A00F427F3 /* WikiEntryItem.swift in Sources */ = {isa = PBXBuildFile; fileRef = 118591F51F0F415A00F427F3 /* WikiEntryItem.swift */; };
		118592021F0F4B6A00F427F3 /* Mapper.framework in Frameworks */ = {isa = PBXBuildFile; fileRef = 118591FB1F0F4AA700F427F3 /* Mapper.framework */; };
		118592051F0F4DD000F427F3 /* WikiEntries.swift in Sources */ = {isa = PBXBuildFile; fileRef = 118592041F0F4DD000F427F3 /* WikiEntries.swift */; };
		22CEB47F1DDC12AC00F67E1B /* AppDelegate.swift in Sources */ = {isa = PBXBuildFile; fileRef = 22CEB47E1DDC12AC00F67E1B /* AppDelegate.swift */; };
		22CEB4811DDC12AC00F67E1B /* ViewController.swift in Sources */ = {isa = PBXBuildFile; fileRef = 22CEB4801DDC12AC00F67E1B /* ViewController.swift */; };
		22CEB4841DDC12AC00F67E1B /* Main.storyboard in Resources */ = {isa = PBXBuildFile; fileRef = 22CEB4821DDC12AC00F67E1B /* Main.storyboard */; };
		22CEB4861DDC12AC00F67E1B /* Assets.xcassets in Resources */ = {isa = PBXBuildFile; fileRef = 22CEB4851DDC12AC00F67E1B /* Assets.xcassets */; };
		22CEB4891DDC12AC00F67E1B /* LaunchScreen.storyboard in Resources */ = {isa = PBXBuildFile; fileRef = 22CEB4871DDC12AC00F67E1B /* LaunchScreen.storyboard */; };
/* End PBXBuildFile section */

/* Begin PBXFileReference section */
		118591E41F0F237400F427F3 /* Cartfile */ = {isa = PBXFileReference; fileEncoding = 4; lastKnownFileType = text; path = Cartfile; sourceTree = "<group>"; };
		118591EC1F0F2B9800F427F3 /* Macros.swift */ = {isa = PBXFileReference; fileEncoding = 4; lastKnownFileType = sourcecode.swift; path = Macros.swift; sourceTree = "<group>"; };
		118591EE1F0F2F7A00F427F3 /* Environment.swift */ = {isa = PBXFileReference; fileEncoding = 4; lastKnownFileType = sourcecode.swift; path = Environment.swift; sourceTree = "<group>"; };
		118591F01F0F30B100F427F3 /* environment.plist */ = {isa = PBXFileReference; fileEncoding = 4; lastKnownFileType = text.plist.xml; path = environment.plist; sourceTree = "<group>"; };
		118591F51F0F415A00F427F3 /* WikiEntryItem.swift */ = {isa = PBXFileReference; fileEncoding = 4; lastKnownFileType = sourcecode.swift; path = WikiEntryItem.swift; sourceTree = "<group>"; };
		118591FB1F0F4AA700F427F3 /* Mapper.framework */ = {isa = PBXFileReference; lastKnownFileType = wrapper.framework; name = Mapper.framework; path = Carthage/Build/iOS/Mapper.framework; sourceTree = "<group>"; };
		118592001F0F4B0900F427F3 /* Mapper.framework.dSYM */ = {isa = PBXFileReference; lastKnownFileType = wrapper.dsym; name = Mapper.framework.dSYM; path = Carthage/Build/iOS/Mapper.framework.dSYM; sourceTree = "<group>"; };
		118592041F0F4DD000F427F3 /* WikiEntries.swift */ = {isa = PBXFileReference; fileEncoding = 4; lastKnownFileType = sourcecode.swift; path = WikiEntries.swift; sourceTree = "<group>"; };
		22CEB47B1DDC12AC00F67E1B /* wikihere-swift.app */ = {isa = PBXFileReference; explicitFileType = wrapper.application; includeInIndex = 0; path = "wikihere-swift.app"; sourceTree = BUILT_PRODUCTS_DIR; };
		22CEB47E1DDC12AC00F67E1B /* AppDelegate.swift */ = {isa = PBXFileReference; lastKnownFileType = sourcecode.swift; path = AppDelegate.swift; sourceTree = "<group>"; };
		22CEB4801DDC12AC00F67E1B /* ViewController.swift */ = {isa = PBXFileReference; lastKnownFileType = sourcecode.swift; path = ViewController.swift; sourceTree = "<group>"; };
		22CEB4831DDC12AC00F67E1B /* Base */ = {isa = PBXFileReference; lastKnownFileType = file.storyboard; name = Base; path = Base.lproj/Main.storyboard; sourceTree = "<group>"; };
		22CEB4851DDC12AC00F67E1B /* Assets.xcassets */ = {isa = PBXFileReference; lastKnownFileType = folder.assetcatalog; path = Assets.xcassets; sourceTree = "<group>"; };
		22CEB4881DDC12AC00F67E1B /* Base */ = {isa = PBXFileReference; lastKnownFileType = file.storyboard; name = Base; path = Base.lproj/LaunchScreen.storyboard; sourceTree = "<group>"; };
		22CEB48A1DDC12AC00F67E1B /* Info.plist */ = {isa = PBXFileReference; lastKnownFileType = text.plist.xml; path = Info.plist; sourceTree = "<group>"; };
/* End PBXFileReference section */

/* Begin PBXFrameworksBuildPhase section */
		22CEB4781DDC12A900F67E1B /* Frameworks */ = {
			isa = PBXFrameworksBuildPhase;
			buildActionMask = 2147483647;
			files = (
				118592021F0F4B6A00F427F3 /* Mapper.framework in Frameworks */,
			);
			runOnlyForDeploymentPostprocessing = 0;
		};
/* End PBXFrameworksBuildPhase section */

/* Begin PBXGroup section */
		118591E81F0F250200F427F3 /* Frameworks */ = {
			isa = PBXGroup;
			children = (
			);
			name = Frameworks;
			sourceTree = "<group>";
		};
		118591EB1F0F2B6B00F427F3 /* Configuration */ = {
			isa = PBXGroup;
			children = (
				118591EC1F0F2B9800F427F3 /* Macros.swift */,
				118591EE1F0F2F7A00F427F3 /* Environment.swift */,
				118591F01F0F30B100F427F3 /* environment.plist */,
			);
			name = Configuration;
			sourceTree = "<group>";
		};
		118591F41F0F40EC00F427F3 /* Model */ = {
			isa = PBXGroup;
			children = (
				118591F51F0F415A00F427F3 /* WikiEntryItem.swift */,
				118592041F0F4DD000F427F3 /* WikiEntries.swift */,
			);
			name = Model;
			sourceTree = "<group>";
		};
		22CEB4721DDC12A900F67E1B = {
			isa = PBXGroup;
			children = (
				118592001F0F4B0900F427F3 /* Mapper.framework.dSYM */,
				118591FB1F0F4AA700F427F3 /* Mapper.framework */,
				118591E41F0F237400F427F3 /* Cartfile */,
				22CEB47D1DDC12AC00F67E1B /* wikihere-swift */,
				22CEB47C1DDC12AC00F67E1B /* Products */,
				118591E81F0F250200F427F3 /* Frameworks */,
			);
			sourceTree = "<group>";
		};
		22CEB47C1DDC12AC00F67E1B /* Products */ = {
			isa = PBXGroup;
			children = (
				22CEB47B1DDC12AC00F67E1B /* wikihere-swift.app */,
			);
			name = Products;
			sourceTree = "<group>";
		};
		22CEB47D1DDC12AC00F67E1B /* wikihere-swift */ = {
			isa = PBXGroup;
			children = (
				118591F41F0F40EC00F427F3 /* Model */,
				22CEB47E1DDC12AC00F67E1B /* AppDelegate.swift */,
				22CEB4801DDC12AC00F67E1B /* ViewController.swift */,
				22CEB4821DDC12AC00F67E1B /* Main.storyboard */,
				22CEB4851DDC12AC00F67E1B /* Assets.xcassets */,
				22CEB4871DDC12AC00F67E1B /* LaunchScreen.storyboard */,
				22CEB48A1DDC12AC00F67E1B /* Info.plist */,
				118591EB1F0F2B6B00F427F3 /* Configuration */,
			);
			path = "wikihere-swift";
			sourceTree = "<group>";
		};
/* End PBXGroup section */

/* Begin PBXNativeTarget section */
		22CEB47A1DDC12A900F67E1B /* wikihere-swift */ = {
			isa = PBXNativeTarget;
			buildConfigurationList = 22CEB48D1DDC12AC00F67E1B /* Build configuration list for PBXNativeTarget "wikihere-swift" */;
			buildPhases = (
				22CEB4771DDC12A900F67E1B /* Sources */,
				22CEB4781DDC12A900F67E1B /* Frameworks */,
				22CEB4791DDC12A900F67E1B /* Resources */,
				118592031F0F4B7F00F427F3 /* ShellScript */,
			);
			buildRules = (
			);
			dependencies = (
			);
			name = "wikihere-swift";
			productName = "wikihere-swift";
			productReference = 22CEB47B1DDC12AC00F67E1B /* wikihere-swift.app */;
			productType = "com.apple.product-type.application";
		};
/* End PBXNativeTarget section */

/* Begin PBXProject section */
		22CEB4731DDC12A900F67E1B /* Project object */ = {
			isa = PBXProject;
			attributes = {
				LastSwiftUpdateCheck = 0810;
				LastUpgradeCheck = 0810;
				ORGANIZATIONNAME = Maurerhouse;
				TargetAttributes = {
					22CEB47A1DDC12A900F67E1B = {
						CreatedOnToolsVersion = 8.1;
						ProvisioningStyle = Automatic;
					};
				};
			};
			buildConfigurationList = 22CEB4761DDC12A900F67E1B /* Build configuration list for PBXProject "wikihere-swift" */;
			compatibilityVersion = "Xcode 3.2";
			developmentRegion = English;
			hasScannedForEncodings = 0;
			knownRegions = (
				en,
				Base,
			);
			mainGroup = 22CEB4721DDC12A900F67E1B;
			productRefGroup = 22CEB47C1DDC12AC00F67E1B /* Products */;
			projectDirPath = "";
			projectRoot = "";
			targets = (
				22CEB47A1DDC12A900F67E1B /* wikihere-swift */,
			);
		};
/* End PBXProject section */

/* Begin PBXResourcesBuildPhase section */
		22CEB4791DDC12A900F67E1B /* Resources */ = {
			isa = PBXResourcesBuildPhase;
			buildActionMask = 2147483647;
			files = (
				22CEB4891DDC12AC00F67E1B /* LaunchScreen.storyboard in Resources */,
				22CEB4861DDC12AC00F67E1B /* Assets.xcassets in Resources */,
				118591E51F0F237400F427F3 /* Cartfile in Resources */,
				22CEB4841DDC12AC00F67E1B /* Main.storyboard in Resources */,
				118591F11F0F30B100F427F3 /* environment.plist in Resources */,
			);
			runOnlyForDeploymentPostprocessing = 0;
		};
/* End PBXResourcesBuildPhase section */

/* Begin PBXShellScriptBuildPhase section */
		118592031F0F4B7F00F427F3 /* ShellScript */ = {
			isa = PBXShellScriptBuildPhase;
			buildActionMask = 2147483647;
			files = (
			);
			inputPaths = (
				"$(SRCROOT)/Carthage/Build/iOS/Mapper.framework",
			);
			outputPaths = (
			);
			runOnlyForDeploymentPostprocessing = 0;
			shellPath = /bin/sh;
			shellScript = "/usr/local/bin/carthage copy-frameworks";
		};
/* End PBXShellScriptBuildPhase section */

/* Begin PBXSourcesBuildPhase section */
		22CEB4771DDC12A900F67E1B /* Sources */ = {
			isa = PBXSourcesBuildPhase;
			buildActionMask = 2147483647;
			files = (
				118592051F0F4DD000F427F3 /* WikiEntries.swift in Sources */,
				118591ED1F0F2B9800F427F3 /* Macros.swift in Sources */,
				118591EF1F0F2F7A00F427F3 /* Environment.swift in Sources */,
				22CEB4811DDC12AC00F67E1B /* ViewController.swift in Sources */,
				22CEB47F1DDC12AC00F67E1B /* AppDelegate.swift in Sources */,
				118591F61F0F415A00F427F3 /* WikiEntryItem.swift in Sources */,
			);
			runOnlyForDeploymentPostprocessing = 0;
		};
/* End PBXSourcesBuildPhase section */

/* Begin PBXVariantGroup section */
		22CEB4821DDC12AC00F67E1B /* Main.storyboard */ = {
			isa = PBXVariantGroup;
			children = (
				22CEB4831DDC12AC00F67E1B /* Base */,
			);
			name = Main.storyboard;
			sourceTree = "<group>";
		};
		22CEB4871DDC12AC00F67E1B /* LaunchScreen.storyboard */ = {
			isa = PBXVariantGroup;
			children = (
				22CEB4881DDC12AC00F67E1B /* Base */,
			);
			name = LaunchScreen.storyboard;
			sourceTree = "<group>";
		};
/* End PBXVariantGroup section */

/* Begin XCBuildConfiguration section */
		22CEB48B1DDC12AC00F67E1B /* Debug */ = {
			isa = XCBuildConfiguration;
			buildSettings = {
				ALWAYS_SEARCH_USER_PATHS = NO;
				CLANG_ANALYZER_NONNULL = YES;
				CLANG_CXX_LANGUAGE_STANDARD = "gnu++0x";
				CLANG_CXX_LIBRARY = "libc++";
				CLANG_ENABLE_MODULES = YES;
				CLANG_ENABLE_OBJC_ARC = YES;
				CLANG_WARN_BOOL_CONVERSION = YES;
				CLANG_WARN_CONSTANT_CONVERSION = YES;
				CLANG_WARN_DIRECT_OBJC_ISA_USAGE = YES_ERROR;
				CLANG_WARN_DOCUMENTATION_COMMENTS = YES;
				CLANG_WARN_EMPTY_BODY = YES;
				CLANG_WARN_ENUM_CONVERSION = YES;
				CLANG_WARN_INFINITE_RECURSION = YES;
				CLANG_WARN_INT_CONVERSION = YES;
				CLANG_WARN_OBJC_ROOT_CLASS = YES_ERROR;
				CLANG_WARN_SUSPICIOUS_MOVES = YES;
				CLANG_WARN_UNREACHABLE_CODE = YES;
				CLANG_WARN__DUPLICATE_METHOD_MATCH = YES;
				"CODE_SIGN_IDENTITY[sdk=iphoneos*]" = "iPhone Developer";
				COPY_PHASE_STRIP = NO;
				DEBUG_INFORMATION_FORMAT = dwarf;
				ENABLE_STRICT_OBJC_MSGSEND = YES;
				ENABLE_TESTABILITY = YES;
				GCC_C_LANGUAGE_STANDARD = gnu99;
				GCC_DYNAMIC_NO_PIC = NO;
				GCC_NO_COMMON_BLOCKS = YES;
				GCC_OPTIMIZATION_LEVEL = 0;
				GCC_PREPROCESSOR_DEFINITIONS = (
					"DEBUG=1",
					"$(inherited)",
				);
				GCC_WARN_64_TO_32_BIT_CONVERSION = YES;
				GCC_WARN_ABOUT_RETURN_TYPE = YES_ERROR;
				GCC_WARN_UNDECLARED_SELECTOR = YES;
				GCC_WARN_UNINITIALIZED_AUTOS = YES_AGGRESSIVE;
				GCC_WARN_UNUSED_FUNCTION = YES;
				GCC_WARN_UNUSED_VARIABLE = YES;
				IPHONEOS_DEPLOYMENT_TARGET = 10.1;
				MTL_ENABLE_DEBUG_INFO = YES;
				ONLY_ACTIVE_ARCH = YES;
				SDKROOT = iphoneos;
				SWIFT_ACTIVE_COMPILATION_CONDITIONS = DEBUG;
				SWIFT_OPTIMIZATION_LEVEL = "-Onone";
				TARGETED_DEVICE_FAMILY = "1,2";
			};
			name = Debug;
		};
		22CEB48C1DDC12AC00F67E1B /* Release */ = {
			isa = XCBuildConfiguration;
			buildSettings = {
				ALWAYS_SEARCH_USER_PATHS = NO;
				CLANG_ANALYZER_NONNULL = YES;
				CLANG_CXX_LANGUAGE_STANDARD = "gnu++0x";
				CLANG_CXX_LIBRARY = "libc++";
				CLANG_ENABLE_MODULES = YES;
				CLANG_ENABLE_OBJC_ARC = YES;
				CLANG_WARN_BOOL_CONVERSION = YES;
				CLANG_WARN_CONSTANT_CONVERSION = YES;
				CLANG_WARN_DIRECT_OBJC_ISA_USAGE = YES_ERROR;
				CLANG_WARN_DOCUMENTATION_COMMENTS = YES;
				CLANG_WARN_EMPTY_BODY = YES;
				CLANG_WARN_ENUM_CONVERSION = YES;
				CLANG_WARN_INFINITE_RECURSION = YES;
				CLANG_WARN_INT_CONVERSION = YES;
				CLANG_WARN_OBJC_ROOT_CLASS = YES_ERROR;
				CLANG_WARN_SUSPICIOUS_MOVES = YES;
				CLANG_WARN_UNREACHABLE_CODE = YES;
				CLANG_WARN__DUPLICATE_METHOD_MATCH = YES;
				"CODE_SIGN_IDENTITY[sdk=iphoneos*]" = "iPhone Developer";
				COPY_PHASE_STRIP = NO;
				DEBUG_INFORMATION_FORMAT = "dwarf-with-dsym";
				ENABLE_NS_ASSERTIONS = NO;
				ENABLE_STRICT_OBJC_MSGSEND = YES;
				GCC_C_LANGUAGE_STANDARD = gnu99;
				GCC_NO_COMMON_BLOCKS = YES;
				GCC_WARN_64_TO_32_BIT_CONVERSION = YES;
				GCC_WARN_ABOUT_RETURN_TYPE = YES_ERROR;
				GCC_WARN_UNDECLARED_SELECTOR = YES;
				GCC_WARN_UNINITIALIZED_AUTOS = YES_AGGRESSIVE;
				GCC_WARN_UNUSED_FUNCTION = YES;
				GCC_WARN_UNUSED_VARIABLE = YES;
				IPHONEOS_DEPLOYMENT_TARGET = 10.1;
				MTL_ENABLE_DEBUG_INFO = NO;
				SDKROOT = iphoneos;
				SWIFT_OPTIMIZATION_LEVEL = "-Owholemodule";
				TARGETED_DEVICE_FAMILY = "1,2";
				VALIDATE_PRODUCT = YES;
			};
			name = Release;
		};
		22CEB48E1DDC12AC00F67E1B /* Debug */ = {
			isa = XCBuildConfiguration;
			buildSettings = {
				ASSETCATALOG_COMPILER_APPICON_NAME = AppIcon;
				FRAMEWORK_SEARCH_PATHS = (
					"$(inherited)",
					"$(PROJECT_DIR)/Carthage/Build/iOS",
				);
				INFOPLIST_FILE = "wikihere-swift/Info.plist";
				LD_RUNPATH_SEARCH_PATHS = "$(inherited) @executable_path/Frameworks";
				PRODUCT_BUNDLE_IDENTIFIER = "org.Maynotbe.wikihere-swift";
				PRODUCT_NAME = "$(TARGET_NAME)";
				SWIFT_VERSION = 3.0;
			};
			name = Debug;
		};
		22CEB48F1DDC12AC00F67E1B /* Release */ = {
			isa = XCBuildConfiguration;
			buildSettings = {
				ASSETCATALOG_COMPILER_APPICON_NAME = AppIcon;
				FRAMEWORK_SEARCH_PATHS = (
					"$(inherited)",
					"$(PROJECT_DIR)/Carthage/Build/iOS",
				);
				INFOPLIST_FILE = "wikihere-swift/Info.plist";
				LD_RUNPATH_SEARCH_PATHS = "$(inherited) @executable_path/Frameworks";
				PRODUCT_BUNDLE_IDENTIFIER = "org.Maynotbe.wikihere-swift";
				PRODUCT_NAME = "$(TARGET_NAME)";
				SWIFT_VERSION = 3.0;
			};
			name = Release;
		};
/* End XCBuildConfiguration section */

/* Begin XCConfigurationList section */
		22CEB4761DDC12A900F67E1B /* Build configuration list for PBXProject "wikihere-swift" */ = {
			isa = XCConfigurationList;
			buildConfigurations = (
				22CEB48B1DDC12AC00F67E1B /* Debug */,
				22CEB48C1DDC12AC00F67E1B /* Release */,
			);
			defaultConfigurationIsVisible = 0;
			defaultConfigurationName = Release;
		};
		22CEB48D1DDC12AC00F67E1B /* Build configuration list for PBXNativeTarget "wikihere-swift" */ = {
			isa = XCConfigurationList;
			buildConfigurations = (
				22CEB48E1DDC12AC00F67E1B /* Debug */,
				22CEB48F1DDC12AC00F67E1B /* Release */,
			);
			defaultConfigurationIsVisible = 0;
			defaultConfigurationName = Release;
		};
/* End XCConfigurationList section */
	};
	rootObject = 22CEB4731DDC12A900F67E1B /* Project object */;
}
