// !$*UTF8*$!
{
	archiveVersion = 1;
	classes = {
	};
	objectVersion = 46;
	objects = {

/* Begin PBXBuildFile section */
		112FA9D61F8885E2005158DF /* WikiHereColors.swift in Sources */ = {isa = PBXBuildFile; fileRef = 112FA9D51F8885E2005158DF /* WikiHereColors.swift */; };
		112FA9D91F888CA0005158DF /* RxCocoa.framework in Frameworks */ = {isa = PBXBuildFile; fileRef = 112FA9D71F888CA0005158DF /* RxCocoa.framework */; };
		112FA9DA1F888CA0005158DF /* RxSwift.framework in Frameworks */ = {isa = PBXBuildFile; fileRef = 112FA9D81F888CA0005158DF /* RxSwift.framework */; };
		112FA9DC1F88919D005158DF /* Alamofire.framework in Frameworks */ = {isa = PBXBuildFile; fileRef = 112FA9DB1F88919D005158DF /* Alamofire.framework */; };
		112FA9DF1F8891D6005158DF /* WikiViewModel.swift in Sources */ = {isa = PBXBuildFile; fileRef = 112FA9DE1F8891D6005158DF /* WikiViewModel.swift */; };
		112FA9E11F88929D005158DF /* WikiEntryService.swift in Sources */ = {isa = PBXBuildFile; fileRef = 112FA9E01F88929D005158DF /* WikiEntryService.swift */; };
		112FA9E31F88945F005158DF /* WikiEntryAPI.swift in Sources */ = {isa = PBXBuildFile; fileRef = 112FA9E21F88945F005158DF /* WikiEntryAPI.swift */; };
		112FA9E51F8914D2005158DF /* CLLocationManager+Rx.swift in Sources */ = {isa = PBXBuildFile; fileRef = 112FA9E41F8914D2005158DF /* CLLocationManager+Rx.swift */; };
		112FA9E71F891529005158DF /* RxCLLocationManagerDelegateProxy.swift in Sources */ = {isa = PBXBuildFile; fileRef = 112FA9E61F891529005158DF /* RxCLLocationManagerDelegateProxy.swift */; };
		112FA9E91F896392005158DF /* WikiAnnotation.swift in Sources */ = {isa = PBXBuildFile; fileRef = 112FA9E81F896392005158DF /* WikiAnnotation.swift */; };
		118591E51F0F237400F427F3 /* Cartfile in Resources */ = {isa = PBXBuildFile; fileRef = 118591E41F0F237400F427F3 /* Cartfile */; };
		118591ED1F0F2B9800F427F3 /* Macros.swift in Sources */ = {isa = PBXBuildFile; fileRef = 118591EC1F0F2B9800F427F3 /* Macros.swift */; };
		118591EF1F0F2F7A00F427F3 /* Environment.swift in Sources */ = {isa = PBXBuildFile; fileRef = 118591EE1F0F2F7A00F427F3 /* Environment.swift */; };
		118591F11F0F30B100F427F3 /* environment.plist in Resources */ = {isa = PBXBuildFile; fileRef = 118591F01F0F30B100F427F3 /* environment.plist */; };
		118591F61F0F415A00F427F3 /* WikiEntryItem.swift in Sources */ = {isa = PBXBuildFile; fileRef = 118591F51F0F415A00F427F3 /* WikiEntryItem.swift */; };
		118592021F0F4B6A00F427F3 /* Mapper.framework in Frameworks */ = {isa = PBXBuildFile; fileRef = 118591FB1F0F4AA700F427F3 /* Mapper.framework */; };
		118592051F0F4DD000F427F3 /* WikiEntries.swift in Sources */ = {isa = PBXBuildFile; fileRef = 118592041F0F4DD000F427F3 /* WikiEntries.swift */; };
		118592081F106E9900F427F3 /* WebServices.swift in Sources */ = {isa = PBXBuildFile; fileRef = 118592071F106E9900F427F3 /* WebServices.swift */; };
		118C57131FBAA11500E28FDD /* CLLocation+Mapper.swift in Sources */ = {isa = PBXBuildFile; fileRef = 118C57121FBAA11500E28FDD /* CLLocation+Mapper.swift */; };
		118C57151FBBCDD100E28FDD /* Kingfisher.framework in Frameworks */ = {isa = PBXBuildFile; fileRef = 118C57141FBBCDD100E28FDD /* Kingfisher.framework */; };
		11B673721F833A05006ADF40 /* ServiceResult.swift in Sources */ = {isa = PBXBuildFile; fileRef = 11B673711F833A05006ADF40 /* ServiceResult.swift */; };
		11B673751F8340E5006ADF40 /* ListViewController.swift in Sources */ = {isa = PBXBuildFile; fileRef = 11B673741F8340E5006ADF40 /* ListViewController.swift */; };
		11B673771F8340F6006ADF40 /* SettingsViewController.swift in Sources */ = {isa = PBXBuildFile; fileRef = 11B673761F8340F6006ADF40 /* SettingsViewController.swift */; };
		11B6737A1F834517006ADF40 /* WikiEntryItemListTableViewCell.swift in Sources */ = {isa = PBXBuildFile; fileRef = 11B673791F834517006ADF40 /* WikiEntryItemListTableViewCell.swift */; };
		11FB1BF11F8B33A9009217ED /* WebViewController.swift in Sources */ = {isa = PBXBuildFile; fileRef = 11FB1BF01F8B33A9009217ED /* WebViewController.swift */; };
		22CEB47F1DDC12AC00F67E1B /* AppDelegate.swift in Sources */ = {isa = PBXBuildFile; fileRef = 22CEB47E1DDC12AC00F67E1B /* AppDelegate.swift */; };
		22CEB4811DDC12AC00F67E1B /* MapViewController.swift in Sources */ = {isa = PBXBuildFile; fileRef = 22CEB4801DDC12AC00F67E1B /* MapViewController.swift */; };
		22CEB4841DDC12AC00F67E1B /* Main.storyboard in Resources */ = {isa = PBXBuildFile; fileRef = 22CEB4821DDC12AC00F67E1B /* Main.storyboard */; };
		22CEB4861DDC12AC00F67E1B /* Assets.xcassets in Resources */ = {isa = PBXBuildFile; fileRef = 22CEB4851DDC12AC00F67E1B /* Assets.xcassets */; };
		22CEB4891DDC12AC00F67E1B /* LaunchScreen.storyboard in Resources */ = {isa = PBXBuildFile; fileRef = 22CEB4871DDC12AC00F67E1B /* LaunchScreen.storyboard */; };
/* End PBXBuildFile section */

/* Begin PBXFileReference section */
		112FA9D51F8885E2005158DF /* WikiHereColors.swift */ = {isa = PBXFileReference; lastKnownFileType = sourcecode.swift; path = WikiHereColors.swift; sourceTree = "<group>"; };
		112FA9D71F888CA0005158DF /* RxCocoa.framework */ = {isa = PBXFileReference; lastKnownFileType = wrapper.framework; name = RxCocoa.framework; path = Carthage/Build/iOS/RxCocoa.framework; sourceTree = "<group>"; };
		112FA9D81F888CA0005158DF /* RxSwift.framework */ = {isa = PBXFileReference; lastKnownFileType = wrapper.framework; name = RxSwift.framework; path = Carthage/Build/iOS/RxSwift.framework; sourceTree = "<group>"; };
		112FA9DB1F88919D005158DF /* Alamofire.framework */ = {isa = PBXFileReference; lastKnownFileType = wrapper.framework; name = Alamofire.framework; path = Carthage/Build/iOS/Alamofire.framework; sourceTree = "<group>"; };
		112FA9DE1F8891D6005158DF /* WikiViewModel.swift */ = {isa = PBXFileReference; lastKnownFileType = sourcecode.swift; path = WikiViewModel.swift; sourceTree = "<group>"; };
		112FA9E01F88929D005158DF /* WikiEntryService.swift */ = {isa = PBXFileReference; lastKnownFileType = sourcecode.swift; path = WikiEntryService.swift; sourceTree = "<group>"; };
		112FA9E21F88945F005158DF /* WikiEntryAPI.swift */ = {isa = PBXFileReference; lastKnownFileType = sourcecode.swift; path = WikiEntryAPI.swift; sourceTree = "<group>"; };
		112FA9E41F8914D2005158DF /* CLLocationManager+Rx.swift */ = {isa = PBXFileReference; lastKnownFileType = sourcecode.swift; path = "CLLocationManager+Rx.swift"; sourceTree = "<group>"; };
		112FA9E61F891529005158DF /* RxCLLocationManagerDelegateProxy.swift */ = {isa = PBXFileReference; lastKnownFileType = sourcecode.swift; path = RxCLLocationManagerDelegateProxy.swift; sourceTree = "<group>"; };
		112FA9E81F896392005158DF /* WikiAnnotation.swift */ = {isa = PBXFileReference; lastKnownFileType = sourcecode.swift; path = WikiAnnotation.swift; sourceTree = "<group>"; };
		118591E41F0F237400F427F3 /* Cartfile */ = {isa = PBXFileReference; fileEncoding = 4; lastKnownFileType = text; path = Cartfile; sourceTree = "<group>"; };
		118591EC1F0F2B9800F427F3 /* Macros.swift */ = {isa = PBXFileReference; fileEncoding = 4; lastKnownFileType = sourcecode.swift; path = Macros.swift; sourceTree = "<group>"; };
		118591EE1F0F2F7A00F427F3 /* Environment.swift */ = {isa = PBXFileReference; fileEncoding = 4; lastKnownFileType = sourcecode.swift; path = Environment.swift; sourceTree = "<group>"; };
		118591F01F0F30B100F427F3 /* environment.plist */ = {isa = PBXFileReference; fileEncoding = 4; lastKnownFileType = text.plist.xml; path = environment.plist; sourceTree = "<group>"; };
		118591F51F0F415A00F427F3 /* WikiEntryItem.swift */ = {isa = PBXFileReference; fileEncoding = 4; lastKnownFileType = sourcecode.swift; path = WikiEntryItem.swift; sourceTree = "<group>"; };
		118591FB1F0F4AA700F427F3 /* Mapper.framework */ = {isa = PBXFileReference; lastKnownFileType = wrapper.framework; name = Mapper.framework; path = Carthage/Build/iOS/Mapper.framework; sourceTree = "<group>"; };
		118592001F0F4B0900F427F3 /* Mapper.framework.dSYM */ = {isa = PBXFileReference; lastKnownFileType = wrapper.dsym; name = Mapper.framework.dSYM; path = Carthage/Build/iOS/Mapper.framework.dSYM; sourceTree = "<group>"; };
		118592041F0F4DD000F427F3 /* WikiEntries.swift */ = {isa = PBXFileReference; fileEncoding = 4; lastKnownFileType = sourcecode.swift; path = WikiEntries.swift; sourceTree = "<group>"; };
		118592071F106E9900F427F3 /* WebServices.swift */ = {isa = PBXFileReference; fileEncoding = 4; lastKnownFileType = sourcecode.swift; path = WebServices.swift; sourceTree = "<group>"; };
		118C57121FBAA11500E28FDD /* CLLocation+Mapper.swift */ = {isa = PBXFileReference; lastKnownFileType = sourcecode.swift; path = "CLLocation+Mapper.swift"; sourceTree = "<group>"; };
		118C57141FBBCDD100E28FDD /* Kingfisher.framework */ = {isa = PBXFileReference; lastKnownFileType = wrapper.framework; name = Kingfisher.framework; path = Carthage/Build/iOS/Kingfisher.framework; sourceTree = "<group>"; };
		11B673711F833A05006ADF40 /* ServiceResult.swift */ = {isa = PBXFileReference; lastKnownFileType = sourcecode.swift; path = ServiceResult.swift; sourceTree = "<group>"; };
		11B673741F8340E5006ADF40 /* ListViewController.swift */ = {isa = PBXFileReference; lastKnownFileType = sourcecode.swift; path = ListViewController.swift; sourceTree = "<group>"; };
		11B673761F8340F6006ADF40 /* SettingsViewController.swift */ = {isa = PBXFileReference; lastKnownFileType = sourcecode.swift; path = SettingsViewController.swift; sourceTree = "<group>"; };
		11B673791F834517006ADF40 /* WikiEntryItemListTableViewCell.swift */ = {isa = PBXFileReference; lastKnownFileType = sourcecode.swift; path = WikiEntryItemListTableViewCell.swift; sourceTree = "<group>"; };
		11FB1BF01F8B33A9009217ED /* WebViewController.swift */ = {isa = PBXFileReference; lastKnownFileType = sourcecode.swift; path = WebViewController.swift; sourceTree = "<group>"; };
		22CEB47B1DDC12AC00F67E1B /* wikihere-swift.app */ = {isa = PBXFileReference; explicitFileType = wrapper.application; includeInIndex = 0; path = "wikihere-swift.app"; sourceTree = BUILT_PRODUCTS_DIR; };
		22CEB47E1DDC12AC00F67E1B /* AppDelegate.swift */ = {isa = PBXFileReference; lastKnownFileType = sourcecode.swift; path = AppDelegate.swift; sourceTree = "<group>"; };
		22CEB4801DDC12AC00F67E1B /* MapViewController.swift */ = {isa = PBXFileReference; lastKnownFileType = sourcecode.swift; path = MapViewController.swift; sourceTree = "<group>"; };
		22CEB4831DDC12AC00F67E1B /* Base */ = {isa = PBXFileReference; lastKnownFileType = file.storyboard; name = Base; path = Base.lproj/Main.storyboard; sourceTree = "<group>"; };
		22CEB4851DDC12AC00F67E1B /* Assets.xcassets */ = {isa = PBXFileReference; lastKnownFileType = folder.assetcatalog; path = Assets.xcassets; sourceTree = "<group>"; };
		22CEB4881DDC12AC00F67E1B /* Base */ = {isa = PBXFileReference; lastKnownFileType = file.storyboard; name = Base; path = Base.lproj/LaunchScreen.storyboard; sourceTree = "<group>"; };
		22CEB48A1DDC12AC00F67E1B /* Info.plist */ = {isa = PBXFileReference; lastKnownFileType = text.plist.xml; path = Info.plist; sourceTree = "<group>"; };
/* End PBXFileReference section */

/* Begin PBXFrameworksBuildPhase section */
		22CEB4781DDC12A900F67E1B /* Frameworks */ = {
			isa = PBXFrameworksBuildPhase;
			buildActionMask = 2147483647;
			files = (
				118592021F0F4B6A00F427F3 /* Mapper.framework in Frameworks */,
				112FA9DC1F88919D005158DF /* Alamofire.framework in Frameworks */,
				112FA9D91F888CA0005158DF /* RxCocoa.framework in Frameworks */,
				112FA9DA1F888CA0005158DF /* RxSwift.framework in Frameworks */,
				118C57151FBBCDD100E28FDD /* Kingfisher.framework in Frameworks */,
			);
			runOnlyForDeploymentPostprocessing = 0;
		};
/* End PBXFrameworksBuildPhase section */

/* Begin PBXGroup section */
		112FA9D41F8885B9005158DF /* Extensions */ = {
			isa = PBXGroup;
			children = (
				112FA9D51F8885E2005158DF /* WikiHereColors.swift */,
				112FA9E41F8914D2005158DF /* CLLocationManager+Rx.swift */,
				112FA9E61F891529005158DF /* RxCLLocationManagerDelegateProxy.swift */,
				118C57121FBAA11500E28FDD /* CLLocation+Mapper.swift */,
			);
			name = Extensions;
			sourceTree = "<group>";
		};
		112FA9DD1F8891BF005158DF /* ViewModels */ = {
			isa = PBXGroup;
			children = (
				112FA9DE1F8891D6005158DF /* WikiViewModel.swift */,
			);
			name = ViewModels;
			sourceTree = "<group>";
		};
		118591E81F0F250200F427F3 /* Frameworks */ = {
			isa = PBXGroup;
			children = (
				118C57141FBBCDD100E28FDD /* Kingfisher.framework */,
				112FA9DB1F88919D005158DF /* Alamofire.framework */,
				112FA9D71F888CA0005158DF /* RxCocoa.framework */,
				112FA9D81F888CA0005158DF /* RxSwift.framework */,
			);
			name = Frameworks;
			sourceTree = "<group>";
		};
		118591EB1F0F2B6B00F427F3 /* Configuration */ = {
			isa = PBXGroup;
			children = (
				118591EC1F0F2B9800F427F3 /* Macros.swift */,
				118591EE1F0F2F7A00F427F3 /* Environment.swift */,
				118591F01F0F30B100F427F3 /* environment.plist */,
			);
			name = Configuration;
			sourceTree = "<group>";
		};
		118591F41F0F40EC00F427F3 /* Model */ = {
			isa = PBXGroup;
			children = (
				118591F51F0F415A00F427F3 /* WikiEntryItem.swift */,
				118592041F0F4DD000F427F3 /* WikiEntries.swift */,
				112FA9E81F896392005158DF /* WikiAnnotation.swift */,
			);
			name = Model;
			sourceTree = "<group>";
		};
		118592061F106E5F00F427F3 /* Service */ = {
			isa = PBXGroup;
			children = (
				118592071F106E9900F427F3 /* WebServices.swift */,
				11B673711F833A05006ADF40 /* ServiceResult.swift */,
				112FA9E01F88929D005158DF /* WikiEntryService.swift */,
				112FA9E21F88945F005158DF /* WikiEntryAPI.swift */,
			);
			name = Service;
			sourceTree = "<group>";
		};
		11B673731F834051006ADF40 /* View Controllers */ = {
			isa = PBXGroup;
			children = (
				11B673761F8340F6006ADF40 /* SettingsViewController.swift */,
				22CEB4801DDC12AC00F67E1B /* MapViewController.swift */,
				11B673741F8340E5006ADF40 /* ListViewController.swift */,
				11FB1BF01F8B33A9009217ED /* WebViewController.swift */,
			);
			name = "View Controllers";
			sourceTree = "<group>";
		};
		11B673781F8344BA006ADF40 /* Views */ = {
			isa = PBXGroup;
			children = (
				11B673791F834517006ADF40 /* WikiEntryItemListTableViewCell.swift */,
			);
			name = Views;
			sourceTree = "<group>";
		};
		22CEB4721DDC12A900F67E1B = {
			isa = PBXGroup;
			children = (
				118592001F0F4B0900F427F3 /* Mapper.framework.dSYM */,
				118591FB1F0F4AA700F427F3 /* Mapper.framework */,
				118591E41F0F237400F427F3 /* Cartfile */,
				22CEB47D1DDC12AC00F67E1B /* wikihere-swift */,
				22CEB47C1DDC12AC00F67E1B /* Products */,
				118591E81F0F250200F427F3 /* Frameworks */,
			);
			sourceTree = "<group>";
		};
		22CEB47C1DDC12AC00F67E1B /* Products */ = {
			isa = PBXGroup;
			children = (
				22CEB47B1DDC12AC00F67E1B /* wikihere-swift.app */,
			);
			name = Products;
			sourceTree = "<group>";
		};
		22CEB47D1DDC12AC00F67E1B /* wikihere-swift */ = {
			isa = PBXGroup;
			children = (
				112FA9DD1F8891BF005158DF /* ViewModels */,
				112FA9D41F8885B9005158DF /* Extensions */,
				11B673781F8344BA006ADF40 /* Views */,
				11B673731F834051006ADF40 /* View Controllers */,
				118592061F106E5F00F427F3 /* Service */,
				118591F41F0F40EC00F427F3 /* Model */,
				22CEB47E1DDC12AC00F67E1B /* AppDelegate.swift */,
				22CEB4821DDC12AC00F67E1B /* Main.storyboard */,
				22CEB4851DDC12AC00F67E1B /* Assets.xcassets */,
				22CEB4871DDC12AC00F67E1B /* LaunchScreen.storyboard */,
				22CEB48A1DDC12AC00F67E1B /* Info.plist */,
				118591EB1F0F2B6B00F427F3 /* Configuration */,
			);
			path = "wikihere-swift";
			sourceTree = "<group>";
		};
/* End PBXGroup section */

/* Begin PBXNativeTarget section */
		22CEB47A1DDC12A900F67E1B /* wikihere-swift */ = {
			isa = PBXNativeTarget;
			buildConfigurationList = 22CEB48D1DDC12AC00F67E1B /* Build configuration list for PBXNativeTarget "wikihere-swift" */;
			buildPhases = (
				22CEB4771DDC12A900F67E1B /* Sources */,
				22CEB4781DDC12A900F67E1B /* Frameworks */,
				22CEB4791DDC12A900F67E1B /* Resources */,
				118592031F0F4B7F00F427F3 /* ShellScript */,
			);
			buildRules = (
			);
			dependencies = (
			);
			name = "wikihere-swift";
			productName = "wikihere-swift";
			productReference = 22CEB47B1DDC12AC00F67E1B /* wikihere-swift.app */;
			productType = "com.apple.product-type.application";
		};
/* End PBXNativeTarget section */

/* Begin PBXProject section */
		22CEB4731DDC12A900F67E1B /* Project object */ = {
			isa = PBXProject;
			attributes = {
				LastSwiftUpdateCheck = 0810;
				LastUpgradeCheck = 0900;
				ORGANIZATIONNAME = Maurerhouse;
				TargetAttributes = {
					22CEB47A1DDC12A900F67E1B = {
						CreatedOnToolsVersion = 8.1;
						DevelopmentTeam = A7NKJMB5FV;
						LastSwiftMigration = 0900;
						ProvisioningStyle = Automatic;
					};
				};
			};
			buildConfigurationList = 22CEB4761DDC12A900F67E1B /* Build configuration list for PBXProject "wikihere-swift" */;
			compatibilityVersion = "Xcode 3.2";
			developmentRegion = English;
			hasScannedForEncodings = 0;
			knownRegions = (
				en,
				Base,
			);
			mainGroup = 22CEB4721DDC12A900F67E1B;
			productRefGroup = 22CEB47C1DDC12AC00F67E1B /* Products */;
			projectDirPath = "";
			projectRoot = "";
			targets = (
				22CEB47A1DDC12A900F67E1B /* wikihere-swift */,
			);
		};
/* End PBXProject section */

/* Begin PBXResourcesBuildPhase section */
		22CEB4791DDC12A900F67E1B /* Resources */ = {
			isa = PBXResourcesBuildPhase;
			buildActionMask = 2147483647;
			files = (
				22CEB4891DDC12AC00F67E1B /* LaunchScreen.storyboard in Resources */,
				22CEB4861DDC12AC00F67E1B /* Assets.xcassets in Resources */,
				118591E51F0F237400F427F3 /* Cartfile in Resources */,
				22CEB4841DDC12AC00F67E1B /* Main.storyboard in Resources */,
				118591F11F0F30B100F427F3 /* environment.plist in Resources */,
			);
			runOnlyForDeploymentPostprocessing = 0;
		};
/* End PBXResourcesBuildPhase section */

/* Begin PBXShellScriptBuildPhase section */
		118592031F0F4B7F00F427F3 /* ShellScript */ = {
			isa = PBXShellScriptBuildPhase;
			buildActionMask = 2147483647;
			files = (
			);
			inputPaths = (
				"$(SRCROOT)/Carthage/Build/iOS/Mapper.framework",
				"$(SRCROOT)/Carthage/Build/iOS/Alamofire.framework",
				"$(SRCROOT)/Carthage/Build/iOS/RxCocoa.framework",
				"$(SRCROOT)/Carthage/Build/iOS/RxSwift.framework",
				"$(SRCROOT)/Carthage/Build/iOS/Kingfisher.framework",
			);
			outputPaths = (
			);
			runOnlyForDeploymentPostprocessing = 0;
			shellPath = /bin/sh;
			shellScript = "/usr/local/bin/carthage copy-frameworks";
		};
/* End PBXShellScriptBuildPhase section */

/* Begin PBXSourcesBuildPhase section */
		22CEB4771DDC12A900F67E1B /* Sources */ = {
			isa = PBXSourcesBuildPhase;
			buildActionMask = 2147483647;
			files = (
				11FB1BF11F8B33A9009217ED /* WebViewController.swift in Sources */,
				118592051F0F4DD000F427F3 /* WikiEntries.swift in Sources */,
				11B6737A1F834517006ADF40 /* WikiEntryItemListTableViewCell.swift in Sources */,
				118591ED1F0F2B9800F427F3 /* Macros.swift in Sources */,
				112FA9E71F891529005158DF /* RxCLLocationManagerDelegateProxy.swift in Sources */,
				118592081F106E9900F427F3 /* WebServices.swift in Sources */,
				112FA9DF1F8891D6005158DF /* WikiViewModel.swift in Sources */,
				11B673771F8340F6006ADF40 /* SettingsViewController.swift in Sources */,
				118591EF1F0F2F7A00F427F3 /* Environment.swift in Sources */,
				112FA9E91F896392005158DF /* WikiAnnotation.swift in Sources */,
				22CEB4811DDC12AC00F67E1B /* MapViewController.swift in Sources */,
				11B673751F8340E5006ADF40 /* ListViewController.swift in Sources */,
				22CEB47F1DDC12AC00F67E1B /* AppDelegate.swift in Sources */,
				112FA9E11F88929D005158DF /* WikiEntryService.swift in Sources */,
				112FA9E31F88945F005158DF /* WikiEntryAPI.swift in Sources */,
				112FA9D61F8885E2005158DF /* WikiHereColors.swift in Sources */,
				112FA9E51F8914D2005158DF /* CLLocationManager+Rx.swift in Sources */,
				118C57131FBAA11500E28FDD /* CLLocation+Mapper.swift in Sources */,
				11B673721F833A05006ADF40 /* ServiceResult.swift in Sources */,
				118591F61F0F415A00F427F3 /* WikiEntryItem.swift in Sources */,
			);
			runOnlyForDeploymentPostprocessing = 0;
		};
/* End PBXSourcesBuildPhase section */

/* Begin PBXVariantGroup section */
		22CEB4821DDC12AC00F67E1B /* Main.storyboard */ = {
			isa = PBXVariantGroup;
			children = (
				22CEB4831DDC12AC00F67E1B /* Base */,
			);
			name = Main.storyboard;
			sourceTree = "<group>";
		};
		22CEB4871DDC12AC00F67E1B /* LaunchScreen.storyboard */ = {
			isa = PBXVariantGroup;
			children = (
				22CEB4881DDC12AC00F67E1B /* Base */,
			);
			name = LaunchScreen.storyboard;
			sourceTree = "<group>";
		};
/* End PBXVariantGroup section */

/* Begin XCBuildConfiguration section */
		22CEB48B1DDC12AC00F67E1B /* Debug */ = {
			isa = XCBuildConfiguration;
			buildSettings = {
				ALWAYS_SEARCH_USER_PATHS = NO;
				CLANG_ANALYZER_NONNULL = YES;
				CLANG_CXX_LANGUAGE_STANDARD = "gnu++0x";
				CLANG_CXX_LIBRARY = "libc++";
				CLANG_ENABLE_MODULES = YES;
				CLANG_ENABLE_OBJC_ARC = YES;
				CLANG_WARN_BLOCK_CAPTURE_AUTORELEASING = YES;
				CLANG_WARN_BOOL_CONVERSION = YES;
				CLANG_WARN_COMMA = YES;
				CLANG_WARN_CONSTANT_CONVERSION = YES;
				CLANG_WARN_DIRECT_OBJC_ISA_USAGE = YES_ERROR;
				CLANG_WARN_DOCUMENTATION_COMMENTS = YES;
				CLANG_WARN_EMPTY_BODY = YES;
				CLANG_WARN_ENUM_CONVERSION = YES;
				CLANG_WARN_INFINITE_RECURSION = YES;
				CLANG_WARN_INT_CONVERSION = YES;
				CLANG_WARN_NON_LITERAL_NULL_CONVERSION = YES;
				CLANG_WARN_OBJC_LITERAL_CONVERSION = YES;
				CLANG_WARN_OBJC_ROOT_CLASS = YES_ERROR;
				CLANG_WARN_RANGE_LOOP_ANALYSIS = YES;
				CLANG_WARN_STRICT_PROTOTYPES = YES;
				CLANG_WARN_SUSPICIOUS_MOVE = YES;
				CLANG_WARN_SUSPICIOUS_MOVES = YES;
				CLANG_WARN_UNREACHABLE_CODE = YES;
				CLANG_WARN__DUPLICATE_METHOD_MATCH = YES;
				"CODE_SIGN_IDENTITY[sdk=iphoneos*]" = "iPhone Developer";
				COPY_PHASE_STRIP = NO;
				DEBUG_INFORMATION_FORMAT = dwarf;
				ENABLE_STRICT_OBJC_MSGSEND = YES;
				ENABLE_TESTABILITY = YES;
				GCC_C_LANGUAGE_STANDARD = gnu99;
				GCC_DYNAMIC_NO_PIC = NO;
				GCC_NO_COMMON_BLOCKS = YES;
				GCC_OPTIMIZATION_LEVEL = 0;
				GCC_PREPROCESSOR_DEFINITIONS = (
					"DEBUG=1",
					"$(inherited)",
				);
				GCC_WARN_64_TO_32_BIT_CONVERSION = YES;
				GCC_WARN_ABOUT_RETURN_TYPE = YES_ERROR;
				GCC_WARN_UNDECLARED_SELECTOR = YES;
				GCC_WARN_UNINITIALIZED_AUTOS = YES_AGGRESSIVE;
				GCC_WARN_UNUSED_FUNCTION = YES;
				GCC_WARN_UNUSED_VARIABLE = YES;
				IPHONEOS_DEPLOYMENT_TARGET = 10.1;
				MTL_ENABLE_DEBUG_INFO = YES;
				ONLY_ACTIVE_ARCH = YES;
				SDKROOT = iphoneos;
				SWIFT_ACTIVE_COMPILATION_CONDITIONS = DEBUG;
				SWIFT_OPTIMIZATION_LEVEL = "-Onone";
				TARGETED_DEVICE_FAMILY = "1,2";
			};
			name = Debug;
		};
		22CEB48C1DDC12AC00F67E1B /* Release */ = {
			isa = XCBuildConfiguration;
			buildSettings = {
				ALWAYS_SEARCH_USER_PATHS = NO;
				CLANG_ANALYZER_NONNULL = YES;
				CLANG_CXX_LANGUAGE_STANDARD = "gnu++0x";
				CLANG_CXX_LIBRARY = "libc++";
				CLANG_ENABLE_MODULES = YES;
				CLANG_ENABLE_OBJC_ARC = YES;
				CLANG_WARN_BLOCK_CAPTURE_AUTORELEASING = YES;
				CLANG_WARN_BOOL_CONVERSION = YES;
				CLANG_WARN_COMMA = YES;
				CLANG_WARN_CONSTANT_CONVERSION = YES;
				CLANG_WARN_DIRECT_OBJC_ISA_USAGE = YES_ERROR;
				CLANG_WARN_DOCUMENTATION_COMMENTS = YES;
				CLANG_WARN_EMPTY_BODY = YES;
				CLANG_WARN_ENUM_CONVERSION = YES;
				CLANG_WARN_INFINITE_RECURSION = YES;
				CLANG_WARN_INT_CONVERSION = YES;
				CLANG_WARN_NON_LITERAL_NULL_CONVERSION = YES;
				CLANG_WARN_OBJC_LITERAL_CONVERSION = YES;
				CLANG_WARN_OBJC_ROOT_CLASS = YES_ERROR;
				CLANG_WARN_RANGE_LOOP_ANALYSIS = YES;
				CLANG_WARN_STRICT_PROTOTYPES = YES;
				CLANG_WARN_SUSPICIOUS_MOVE = YES;
				CLANG_WARN_SUSPICIOUS_MOVES = YES;
				CLANG_WARN_UNREACHABLE_CODE = YES;
				CLANG_WARN__DUPLICATE_METHOD_MATCH = YES;
				"CODE_SIGN_IDENTITY[sdk=iphoneos*]" = "iPhone Developer";
				COPY_PHASE_STRIP = NO;
				DEBUG_INFORMATION_FORMAT = "dwarf-with-dsym";
				ENABLE_NS_ASSERTIONS = NO;
				ENABLE_STRICT_OBJC_MSGSEND = YES;
				GCC_C_LANGUAGE_STANDARD = gnu99;
				GCC_NO_COMMON_BLOCKS = YES;
				GCC_WARN_64_TO_32_BIT_CONVERSION = YES;
				GCC_WARN_ABOUT_RETURN_TYPE = YES_ERROR;
				GCC_WARN_UNDECLARED_SELECTOR = YES;
				GCC_WARN_UNINITIALIZED_AUTOS = YES_AGGRESSIVE;
				GCC_WARN_UNUSED_FUNCTION = YES;
				GCC_WARN_UNUSED_VARIABLE = YES;
				IPHONEOS_DEPLOYMENT_TARGET = 10.1;
				MTL_ENABLE_DEBUG_INFO = NO;
				SDKROOT = iphoneos;
				SWIFT_OPTIMIZATION_LEVEL = "-Owholemodule";
				TARGETED_DEVICE_FAMILY = "1,2";
				VALIDATE_PRODUCT = YES;
			};
			name = Release;
		};
		22CEB48E1DDC12AC00F67E1B /* Debug */ = {
			isa = XCBuildConfiguration;
			buildSettings = {
				ASSETCATALOG_COMPILER_APPICON_NAME = AppIcon;
				DEVELOPMENT_TEAM = A7NKJMB5FV;
				FRAMEWORK_SEARCH_PATHS = (
					"$(inherited)",
					"$(PROJECT_DIR)/Carthage/Build/iOS",
				);
				INFOPLIST_FILE = "wikihere-swift/Info.plist";
				LD_RUNPATH_SEARCH_PATHS = "$(inherited) @executable_path/Frameworks";
				PRODUCT_BUNDLE_IDENTIFIER = "org.Maynotbe.wikihere-swift";
				PRODUCT_NAME = "$(TARGET_NAME)";
				SWIFT_SWIFT3_OBJC_INFERENCE = On;
				SWIFT_VERSION = 4.0;
			};
			name = Debug;
		};
		22CEB48F1DDC12AC00F67E1B /* Release */ = {
			isa = XCBuildConfiguration;
			buildSettings = {
				ASSETCATALOG_COMPILER_APPICON_NAME = AppIcon;
				DEVELOPMENT_TEAM = A7NKJMB5FV;
				FRAMEWORK_SEARCH_PATHS = (
					"$(inherited)",
					"$(PROJECT_DIR)/Carthage/Build/iOS",
				);
				INFOPLIST_FILE = "wikihere-swift/Info.plist";
				LD_RUNPATH_SEARCH_PATHS = "$(inherited) @executable_path/Frameworks";
				PRODUCT_BUNDLE_IDENTIFIER = "org.Maynotbe.wikihere-swift";
				PRODUCT_NAME = "$(TARGET_NAME)";
				SWIFT_SWIFT3_OBJC_INFERENCE = On;
				SWIFT_VERSION = 4.0;
			};
			name = Release;
		};
/* End XCBuildConfiguration section */

/* Begin XCConfigurationList section */
		22CEB4761DDC12A900F67E1B /* Build configuration list for PBXProject "wikihere-swift" */ = {
			isa = XCConfigurationList;
			buildConfigurations = (
				22CEB48B1DDC12AC00F67E1B /* Debug */,
				22CEB48C1DDC12AC00F67E1B /* Release */,
			);
			defaultConfigurationIsVisible = 0;
			defaultConfigurationName = Release;
		};
		22CEB48D1DDC12AC00F67E1B /* Build configuration list for PBXNativeTarget "wikihere-swift" */ = {
			isa = XCConfigurationList;
			buildConfigurations = (
				22CEB48E1DDC12AC00F67E1B /* Debug */,
				22CEB48F1DDC12AC00F67E1B /* Release */,
			);
			defaultConfigurationIsVisible = 0;
			defaultConfigurationName = Release;
		};
/* End XCConfigurationList section */
	};
	rootObject = 22CEB4731DDC12A900F67E1B /* Project object */;
}
